
Microsoft Visual Studio Solution File, Format Version 12.00
# Visual Studio 15
VisualStudioVersion = 15.0.28010.2041
MinimumVisualStudioVersion = 10.0.40219.1
Project("{FAE04EC0-301F-11D3-BF4B-00C04F79EFBC}") = "StackApp", "StackApp\StackApp.csproj", "{81F7E3E8-C42F-429C-A41E-9B4DC1D3A62E}"
EndProject
Global
	GlobalSection(SolutionConfigurationPlatforms) = preSolution
		Debug|Any CPU = Debug|Any CPU
		Release|Any CPU = Release|Any CPU
	EndGlobalSection
	GlobalSection(ProjectConfigurationPlatforms) = postSolution
		{81F7E3E8-C42F-429C-A41E-9B4DC1D3A62E}.Debug|Any CPU.ActiveCfg = Debug|Any CPU
		{81F7E3E8-C42F-429C-A41E-9B4DC1D3A62E}.Debug|Any CPU.Build.0 = Debug|Any CPU
		{81F7E3E8-C42F-429C-A41E-9B4DC1D3A62E}.Release|Any CPU.ActiveCfg = Release|Any CPU
		{81F7E3E8-C42F-429C-A41E-9B4DC1D3A62E}.Release|Any CPU.Build.0 = Release|Any CPU
	EndGlobalSection
	GlobalSection(SolutionProperties) = preSolution
		HideSolutionNode = FALSE
	EndGlobalSection
	GlobalSection(ExtensibilityGlobals) = postSolution
		SolutionGuid = {07948148-99DB-45B9-A7D4-48BD5983FEC7}
	EndGlobalSection
EndGlobal
